
Microsoft Visual Studio Solution File, Format Version 12.00
# Visual Studio Version 16
VisualStudioVersion = 16.0.29613.14
MinimumVisualStudioVersion = 10.0.40219.1
Project("{FAE04EC0-301F-11D3-BF4B-00C04F79EFBC}") = "operations", "operations\operations.csproj", "{F534AC7A-8A1A-4D71-9662-FE73A7C50862}"
EndProject
Project("{FAE04EC0-301F-11D3-BF4B-00C04F79EFBC}") = "operationsTests", "operationsTests\operationsTests.csproj", "{2F55F922-57F7-463E-B117-852807FA5793}"
EndProject
Global
	GlobalSection(SolutionConfigurationPlatforms) = preSolution
		Debug|Any CPU = Debug|Any CPU
		Release|Any CPU = Release|Any CPU
	EndGlobalSection
	GlobalSection(ProjectConfigurationPlatforms) = postSolution
		{F534AC7A-8A1A-4D71-9662-FE73A7C50862}.Debug|Any CPU.ActiveCfg = Debug|Any CPU
		{F534AC7A-8A1A-4D71-9662-FE73A7C50862}.Debug|Any CPU.Build.0 = Debug|Any CPU
		{F534AC7A-8A1A-4D71-9662-FE73A7C50862}.Release|Any CPU.ActiveCfg = Release|Any CPU
		{F534AC7A-8A1A-4D71-9662-FE73A7C50862}.Release|Any CPU.Build.0 = Release|Any CPU
		{2F55F922-57F7-463E-B117-852807FA5793}.Debug|Any CPU.ActiveCfg = Debug|Any CPU
		{2F55F922-57F7-463E-B117-852807FA5793}.Debug|Any CPU.Build.0 = Debug|Any CPU
		{2F55F922-57F7-463E-B117-852807FA5793}.Release|Any CPU.ActiveCfg = Release|Any CPU
		{2F55F922-57F7-463E-B117-852807FA5793}.Release|Any CPU.Build.0 = Release|Any CPU
	EndGlobalSection
	GlobalSection(SolutionProperties) = preSolution
		HideSolutionNode = FALSE
	EndGlobalSection
	GlobalSection(ExtensibilityGlobals) = postSolution
		SolutionGuid = {DC8AF654-C3AB-4DDC-BAF7-A074247943BA}
	EndGlobalSection
EndGlobal
